github.com/go-sql-driver/mysql v1.6.0 h1:BCTh4TKNUYmOmMUcQ3IipzF5prigylS7XXjEkfCHuOE=
github.com/go-sql-driver/mysql v1.6.0/go.mod h1:DCzpHaOWr8IXmIStZouvnhqoel9Qv2LBy8hT2VhHyBg=
github.com/xo/dburl v0.9.0 h1:ME8QfRqZz/YDwf+VVEe9sq4wgEZCAOdYcUTeuAf+wQQ=
github.com/xo/dburl v0.9.0/go.mod h1:7Uupe87dIDxNrbKFRrpw6bAf2l3/rqU42iwlpq1nyjY=
